
Microsoft Visual Studio Solution File, Format Version 12.00
# Visual Studio Version 17
VisualStudioVersion = 17.0.31717.71
MinimumVisualStudioVersion = 10.0.40219.1
Project("{9A19103F-16F7-4668-BE54-9A1E7A4F7556}") = "Paradigma", "Paradigma\Paradigma.csproj", "{8E77441F-CAE4-4019-87C2-E67F9F88322C}"
EndProject
Project("{9A19103F-16F7-4668-BE54-9A1E7A4F7556}") = "Paradigma.Teste", "Paradigma.Teste\Paradigma.Teste.csproj", "{98CC9B2F-CF77-4CFD-BC57-FA9D9C701472}"
EndProject
Global
	GlobalSection(SolutionConfigurationPlatforms) = preSolution
		Debug|Any CPU = Debug|Any CPU
		Release|Any CPU = Release|Any CPU
	EndGlobalSection
	GlobalSection(ProjectConfigurationPlatforms) = postSolution
		{8E77441F-CAE4-4019-87C2-E67F9F88322C}.Debug|Any CPU.ActiveCfg = Debug|Any CPU
		{8E77441F-CAE4-4019-87C2-E67F9F88322C}.Debug|Any CPU.Build.0 = Debug|Any CPU
		{8E77441F-CAE4-4019-87C2-E67F9F88322C}.Release|Any CPU.ActiveCfg = Release|Any CPU
		{8E77441F-CAE4-4019-87C2-E67F9F88322C}.Release|Any CPU.Build.0 = Release|Any CPU
		{98CC9B2F-CF77-4CFD-BC57-FA9D9C701472}.Debug|Any CPU.ActiveCfg = Debug|Any CPU
		{98CC9B2F-CF77-4CFD-BC57-FA9D9C701472}.Debug|Any CPU.Build.0 = Debug|Any CPU
		{98CC9B2F-CF77-4CFD-BC57-FA9D9C701472}.Release|Any CPU.ActiveCfg = Release|Any CPU
		{98CC9B2F-CF77-4CFD-BC57-FA9D9C701472}.Release|Any CPU.Build.0 = Release|Any CPU
	EndGlobalSection
	GlobalSection(SolutionProperties) = preSolution
		HideSolutionNode = FALSE
	EndGlobalSection
	GlobalSection(ExtensibilityGlobals) = postSolution
		SolutionGuid = {B845DD92-1EF2-4B03-9EED-974111E534BE}
	EndGlobalSection
EndGlobal
